
Microsoft Visual Studio Solution File, Format Version 12.00
# Visual Studio Version 17
VisualStudioVersion = 17.11.35208.52
MinimumVisualStudioVersion = 10.0.40219.1
Project("{FAE04EC0-301F-11D3-BF4B-00C04F79EFBC}") = "Test_2", "Test_2\Test_2.csproj", "{B52EE52C-96D3-40C1-A1CA-09EA5373AE9C}"
EndProject
Global
	GlobalSection(SolutionConfigurationPlatforms) = preSolution
		Debug|Any CPU = Debug|Any CPU
		Release|Any CPU = Release|Any CPU
	EndGlobalSection
	GlobalSection(ProjectConfigurationPlatforms) = postSolution
		{B52EE52C-96D3-40C1-A1CA-09EA5373AE9C}.Debug|Any CPU.ActiveCfg = Debug|Any CPU
		{B52EE52C-96D3-40C1-A1CA-09EA5373AE9C}.Debug|Any CPU.Build.0 = Debug|Any CPU
		{B52EE52C-96D3-40C1-A1CA-09EA5373AE9C}.Release|Any CPU.ActiveCfg = Release|Any CPU
		{B52EE52C-96D3-40C1-A1CA-09EA5373AE9C}.Release|Any CPU.Build.0 = Release|Any CPU
	EndGlobalSection
	GlobalSection(SolutionProperties) = preSolution
		HideSolutionNode = FALSE
	EndGlobalSection
	GlobalSection(ExtensibilityGlobals) = postSolution
		SolutionGuid = {97B58E86-39B2-426D-B597-DE2A47FCA32B}
	EndGlobalSection
EndGlobal
